
Microsoft Visual Studio Solution File, Format Version 12.00
# Visual Studio Version 17
VisualStudioVersion = 17.14.36603.0
MinimumVisualStudioVersion = 10.0.40219.1
Project("{FAE04EC0-301F-11D3-BF4B-00C04F79EFBC}") = "Sandbox111", "Sandbox111\Sandbox111.csproj", "{CBDAAC5C-AF74-426A-838F-AB477B5C6FD5}"
EndProject
Project("{FAE04EC0-301F-11D3-BF4B-00C04F79EFBC}") = "RestUserAuthLocationServiceV2", "RestUserAuthLocationServiceV2\RestUserAuthLocationServiceV2.csproj", "{EC1D956B-6CB1-4BF4-9E9F-08DEDF18749B}"
EndProject
Project("{FAE04EC0-301F-11D3-BF4B-00C04F79EFBC}") = "dirs", "dirs.proj", "{6650FCC3-B038-4305-BE0E-8D96DFD04233}"
EndProject
Global
	GlobalSection(SolutionConfigurationPlatforms) = preSolution
		Debug|Any CPU = Debug|Any CPU
		Release|Any CPU = Release|Any CPU
	EndGlobalSection
	GlobalSection(ProjectConfigurationPlatforms) = postSolution
		{CBDAAC5C-AF74-426A-838F-AB477B5C6FD5}.Debug|Any CPU.ActiveCfg = Debug|Any CPU
		{CBDAAC5C-AF74-426A-838F-AB477B5C6FD5}.Debug|Any CPU.Build.0 = Debug|Any CPU
		{CBDAAC5C-AF74-426A-838F-AB477B5C6FD5}.Release|Any CPU.ActiveCfg = Release|Any CPU
		{CBDAAC5C-AF74-426A-838F-AB477B5C6FD5}.Release|Any CPU.Build.0 = Release|Any CPU
		{EC1D956B-6CB1-4BF4-9E9F-08DEDF18749B}.Debug|Any CPU.ActiveCfg = Debug|Any CPU
		{EC1D956B-6CB1-4BF4-9E9F-08DEDF18749B}.Debug|Any CPU.Build.0 = Debug|Any CPU
		{EC1D956B-6CB1-4BF4-9E9F-08DEDF18749B}.Release|Any CPU.ActiveCfg = Release|Any CPU
		{EC1D956B-6CB1-4BF4-9E9F-08DEDF18749B}.Release|Any CPU.Build.0 = Release|Any CPU
		{6650FCC3-B038-4305-BE0E-8D96DFD04233}.Debug|Any CPU.ActiveCfg = Debug|Any CPU
		{6650FCC3-B038-4305-BE0E-8D96DFD04233}.Debug|Any CPU.Build.0 = Debug|Any CPU
		{6650FCC3-B038-4305-BE0E-8D96DFD04233}.Release|Any CPU.ActiveCfg = Release|Any CPU
		{6650FCC3-B038-4305-BE0E-8D96DFD04233}.Release|Any CPU.Build.0 = Release|Any CPU
	EndGlobalSection
	GlobalSection(SolutionProperties) = preSolution
		HideSolutionNode = FALSE
	EndGlobalSection
	GlobalSection(ExtensibilityGlobals) = postSolution
		SolutionGuid = {36633C3F-3D78-473A-90EF-FE5BE27DDE76}
	EndGlobalSection
EndGlobal
